lockfileVersion: '9.0'

settings:
  autoInstallPeers: true
  excludeLinksFromLockfile: false

importers:

  .:
    dependencies:
      '@tanstack/ai':
        specifier: ^0.44.1
        version: 0.44.1

packages:

  '@ag-ui/core@0.1.1-canary.beta.0':
    resolution: {integrity: sha512-zcP3RH5p3HJTZ0kyQxNOL1blnVFTDpaShitR7UMS/thwFdl48V6CAG+WQBcYEu/dfa8mKonRez88N0Ok+nEI+w==}
    peerDependencies:
      zod: ^3.25.18 || ^4.0.0
    peerDependenciesMeta:
      zod:
        optional: true

  '@standard-schema/spec@1.1.0':
    resolution: {integrity: sha512-l2aFy5jALhniG5HgqrD6jXLi/rUWrKvqN/qJx6yoJsgKhblVd+iqqU4RCXavm/jPityDo5TCvKMnpjKnOriy0w==}

  '@tanstack/ai-event-client@0.8.0':
    resolution: {integrity: sha512-UzhGQERwGU0yymziuGiHXNnKRZeR2JaGoPXeNzKuHwQtUmvMu1H8g0C9wpkpksj+pmTQPhdEBUOMlU6NhLDVpA==}

  '@tanstack/ai-utils@0.4.0':
    resolution: {integrity: sha512-xqvAgPJkIuGk1m+jZKyb7vBTQIaBmUD9EVzlPkDWWMp80n69uwL0TnBZCVk+OwL9goTQiFy648dnBfLsiJgl6A==}

  '@tanstack/ai@0.44.1':
    resolution: {integrity: sha512-pF5JWRqz3qEcrcsJG76D8NEiv7dCaknPmL3HYbUrt2XJDxEbjkGgNDV+eQ9fmcBLqg7i66AjDjJlcSuREtJu/A==}
    engines: {node: '>=18'}
    peerDependencies:
      '@opentelemetry/api': '>=1.9.0'
    peerDependenciesMeta:
      '@opentelemetry/api':
        optional: true

  '@tanstack/devtools-event-client@0.4.4':
    resolution: {integrity: sha512-6T5Yop/793YI+H+5J8Hsyj4kCih9sl4t3ElLgKioW5hk3ocn+ZdSJ94tT7vL7uabxSugWYBZlOTMPzEw2puvQw==}
    engines: {node: '>=18'}
    hasBin: true

  partial-json@0.1.7:
    resolution: {integrity: sha512-Njv/59hHaokb/hRUjce3Hdv12wd60MtM9Z5Olmn+nehe0QDAsRtRbJPvJ0Z91TusF0SuZRIvnM+S4l6EIP8leA==}

snapshots:

  '@ag-ui/core@0.1.1-canary.beta.0': {}

  '@standard-schema/spec@1.1.0': {}

  '@tanstack/ai-event-client@0.8.0':
    dependencies:
      '@tanstack/devtools-event-client': 0.4.4

  '@tanstack/ai-utils@0.4.0': {}

  '@tanstack/ai@0.44.1':
    dependencies:
      '@ag-ui/core': 0.1.1-canary.beta.0
      '@standard-schema/spec': 1.1.0
      '@tanstack/ai-event-client': 0.8.0
      '@tanstack/ai-utils': 0.4.0
      partial-json: 0.1.7
    transitivePeerDependencies:
      - zod

  '@tanstack/devtools-event-client@0.4.4': {}

  partial-json@0.1.7: {}
